
Microsoft Visual Studio Solution File, Format Version 12.00
# Visual Studio Version 17
VisualStudioVersion = 17.9.34728.123
MinimumVisualStudioVersion = 10.0.40219.1
Project("{FAE04EC0-301F-11D3-BF4B-00C04F79EFBC}") = "Assignment", "Assignment\Assignment.csproj", "{EE6B1CEA-8C34-46AF-928A-4414AC5EBE61}"
EndProject
Global
	GlobalSection(SolutionConfigurationPlatforms) = preSolution
		Debug|Any CPU = Debug|Any CPU
		Release|Any CPU = Release|Any CPU
	EndGlobalSection
	GlobalSection(ProjectConfigurationPlatforms) = postSolution
		{EE6B1CEA-8C34-46AF-928A-4414AC5EBE61}.Debug|Any CPU.ActiveCfg = Debug|Any CPU
		{EE6B1CEA-8C34-46AF-928A-4414AC5EBE61}.Debug|Any CPU.Build.0 = Debug|Any CPU
		{EE6B1CEA-8C34-46AF-928A-4414AC5EBE61}.Release|Any CPU.ActiveCfg = Release|Any CPU
		{EE6B1CEA-8C34-46AF-928A-4414AC5EBE61}.Release|Any CPU.Build.0 = Release|Any CPU
	EndGlobalSection
	GlobalSection(SolutionProperties) = preSolution
		HideSolutionNode = FALSE
	EndGlobalSection
	GlobalSection(ExtensibilityGlobals) = postSolution
		SolutionGuid = {B7CB4BB9-E1A1-4364-BA3C-D43D9D34A845}
	EndGlobalSection
EndGlobal
